<?xml version="1.0" encoding="UTF-8" standalone="yes" ?>
<CodeBlocks_project_file>
	<FileVersion major="1" minor="6" />
	<Project>
		<Option title="SparrowUnit" />
		<Option makefile="makefile" />
		<Option pch_mode="2" />
		<Option compiler="gcc" />
		<Build>
			<Target title="default">
				<Option output="bin/SparrowUnit" prefix_auto="1" extension_auto="1" />
				<Option working_dir="" />
				<Option object_output="bin/" />
				<Option type="2" />
				<Option compiler="gcc" />
				<Compiler>
					<Add option="-Wfatal-errors" />
					<Add option="-g" />
					<Add directory="." />
				</Compiler>
			</Target>
		</Build>
		<Compiler>
			<Add option="-Wall" />
			<Add option="-fexceptions" />
		</Compiler>
		<Unit filename="SpUnit.h" />
		<Unit filename="SpUnitLib.cpp" />
		<Extensions>
			<code_completion />
			<envvars />
			<debugger />
		</Extensions>
	</Project>
</CodeBlocks_project_file>
